
Microsoft Visual Studio Solution File, Format Version 12.00
# Visual Studio Version 16
VisualStudioVersion = 16.0.31321.278
MinimumVisualStudioVersion = 10.0.40219.1
Project("{8BC9CEB8-8B4A-11D0-8D11-00A0C91BC942}") = "01_Cout", "01_Cout\01_Cout.vcxproj", "{744648F6-EED6-49CE-92FD-8371997C7E8F}"
EndProject
Project("{8BC9CEB8-8B4A-11D0-8D11-00A0C91BC942}") = "02_Const", "02_Const\02_Const.vcxproj", "{ECAF1B02-99C7-4426-9F64-91EA2A300E20}"
EndProject
Project("{8BC9CEB8-8B4A-11D0-8D11-00A0C91BC942}") = "03_Reference", "03_Reference\03_Reference.vcxproj", "{4792FC18-9D95-453E-88E4-0C7E90B3D17B}"
EndProject
Project("{8BC9CEB8-8B4A-11D0-8D11-00A0C91BC942}") = "04_FunctionOverload", "04_FunctionOverload\04_FunctionOverload.vcxproj", "{11DF3DE3-37A4-47EA-B15F-3BDA3DCE2EFA}"
EndProject
Project("{8BC9CEB8-8B4A-11D0-8D11-00A0C91BC942}") = "05_Namespace", "05_Namespace\05_Namespace.vcxproj", "{589E7047-0091-43A3-97F6-F4DABA460713}"
EndProject
Project("{8BC9CEB8-8B4A-11D0-8D11-00A0C91BC942}") = "06_Inline", "06_Inline\06_Inline.vcxproj", "{17E2D0CF-C628-4B2B-B25E-5F8BC1448D27}"
EndProject
Project("{8BC9CEB8-8B4A-11D0-8D11-00A0C91BC942}") = "07_Class", "07_Class\07_Class.vcxproj", "{BA031F66-2946-4A4C-B771-BCE932CD6780}"
EndProject
Project("{8BC9CEB8-8B4A-11D0-8D11-00A0C91BC942}") = "08_StructAndClass", "08_StructAndClass\08_StructAndClass.vcxproj", "{A75B8A4D-A0A6-462B-92C7-E154C3A78998}"
EndProject
Project("{8BC9CEB8-8B4A-11D0-8D11-00A0C91BC942}") = "09_ClassMember", "09_ClassMember\09_ClassMember.vcxproj", "{5078FE08-F602-43DD-90C6-553C7D791D66}"
EndProject
Project("{8BC9CEB8-8B4A-11D0-8D11-00A0C91BC942}") = "10_ReferenceCount", "10_ReferenceCount\10_ReferenceCount.vcxproj", "{9D99B47D-F350-4245-9D56-A28D76C73074}"
EndProject
Project("{8BC9CEB8-8B4A-11D0-8D11-00A0C91BC942}") = "11_Extends", "11_Extends\11_Extends.vcxproj", "{26C0FBDE-1371-4919-819C-075E55CA16DF}"
EndProject
Project("{8BC9CEB8-8B4A-11D0-8D11-00A0C91BC942}") = "12_Virtual", "12_Virtual\12_Virtual.vcxproj", "{5FB7B523-C50D-40B3-AE92-E25715A8D431}"
EndProject
Project("{8BC9CEB8-8B4A-11D0-8D11-00A0C91BC942}") = "13_VirtualFunction", "13_VirtualFunction\13_VirtualFunction.vcxproj", "{9B28BB95-F0B9-445B-9BBC-0EE1F3F302EB}"
EndProject
Project("{8BC9CEB8-8B4A-11D0-8D11-00A0C91BC942}") = "14_DiamondExtend", "14_DiamondExtend\14_DiamondExtend.vcxproj", "{C32B114A-F488-460D-9675-16ABF781A9A1}"
EndProject
Project("{8BC9CEB8-8B4A-11D0-8D11-00A0C91BC942}") = "09_CStudent", "09_CStudent\09_CStudent.vcxproj", "{4D4D648E-9A12-4D52-BEFB-EF37351C7EE0}"
EndProject
Project("{8BC9CEB8-8B4A-11D0-8D11-00A0C91BC942}") = "11_MultipleInheritance", "11_MultipleInheritance\11_MultipleInheritance.vcxproj", "{78163897-A3C3-4A0E-B5D7-A3A7AE3B3B4F}"
EndProject
Project("{8BC9CEB8-8B4A-11D0-8D11-00A0C91BC942}") = "15_AbstractClass", "15_AbstractClass\15_AbstractClass.vcxproj", "{0EBAA1D2-2201-4B78-96E5-F52C5708EC5A}"
EndProject
Project("{8BC9CEB8-8B4A-11D0-8D11-00A0C91BC942}") = "16_OperatorOverloading", "16_OperatorOverloading\16_OperatorOverloading.vcxproj", "{70A64CF3-44D0-49B8-B63D-AF360F8AA341}"
EndProject
Project("{8BC9CEB8-8B4A-11D0-8D11-00A0C91BC942}") = "17_Template", "17_Template\17_Template.vcxproj", "{16F6106C-D138-4B5E-A8BB-084C0B4CFD29}"
EndProject
Project("{8BC9CEB8-8B4A-11D0-8D11-00A0C91BC942}") = "18_Exception", "18_Exception\18_Exception.vcxproj", "{BF2A7FB4-5708-4BBC-BE2C-C12ABA1927B7}"
EndProject
Global
	GlobalSection(SolutionConfigurationPlatforms) = preSolution
		Debug|x64 = Debug|x64
		Debug|x86 = Debug|x86
		Release|x64 = Release|x64
		Release|x86 = Release|x86
	EndGlobalSection
	GlobalSection(ProjectConfigurationPlatforms) = postSolution
		{744648F6-EED6-49CE-92FD-8371997C7E8F}.Debug|x64.ActiveCfg = Debug|x64
		{744648F6-EED6-49CE-92FD-8371997C7E8F}.Debug|x64.Build.0 = Debug|x64
		{744648F6-EED6-49CE-92FD-8371997C7E8F}.Debug|x86.ActiveCfg = Debug|Win32
		{744648F6-EED6-49CE-92FD-8371997C7E8F}.Debug|x86.Build.0 = Debug|Win32
		{744648F6-EED6-49CE-92FD-8371997C7E8F}.Release|x64.ActiveCfg = Release|x64
		{744648F6-EED6-49CE-92FD-8371997C7E8F}.Release|x64.Build.0 = Release|x64
		{744648F6-EED6-49CE-92FD-8371997C7E8F}.Release|x86.ActiveCfg = Release|Win32
		{744648F6-EED6-49CE-92FD-8371997C7E8F}.Release|x86.Build.0 = Release|Win32
		{ECAF1B02-99C7-4426-9F64-91EA2A300E20}.Debug|x64.ActiveCfg = Debug|x64
		{ECAF1B02-99C7-4426-9F64-91EA2A300E20}.Debug|x64.Build.0 = Debug|x64
		{ECAF1B02-99C7-4426-9F64-91EA2A300E20}.Debug|x86.ActiveCfg = Debug|Win32
		{ECAF1B02-99C7-4426-9F64-91EA2A300E20}.Debug|x86.Build.0 = Debug|Win32
		{ECAF1B02-99C7-4426-9F64-91EA2A300E20}.Release|x64.ActiveCfg = Release|x64
		{ECAF1B02-99C7-4426-9F64-91EA2A300E20}.Release|x64.Build.0 = Release|x64
		{ECAF1B02-99C7-4426-9F64-91EA2A300E20}.Release|x86.ActiveCfg = Release|Win32
		{ECAF1B02-99C7-4426-9F64-91EA2A300E20}.Release|x86.Build.0 = Release|Win32
		{4792FC18-9D95-453E-88E4-0C7E90B3D17B}.Debug|x64.ActiveCfg = Debug|x64
		{4792FC18-9D95-453E-88E4-0C7E90B3D17B}.Debug|x64.Build.0 = Debug|x64
		{4792FC18-9D95-453E-88E4-0C7E90B3D17B}.Debug|x86.ActiveCfg = Debug|Win32
		{4792FC18-9D95-453E-88E4-0C7E90B3D17B}.Debug|x86.Build.0 = Debug|Win32
		{4792FC18-9D95-453E-88E4-0C7E90B3D17B}.Release|x64.ActiveCfg = Release|x64
		{4792FC18-9D95-453E-88E4-0C7E90B3D17B}.Release|x64.Build.0 = Release|x64
		{4792FC18-9D95-453E-88E4-0C7E90B3D17B}.Release|x86.ActiveCfg = Release|Win32
		{4792FC18-9D95-453E-88E4-0C7E90B3D17B}.Release|x86.Build.0 = Release|Win32
		{11DF3DE3-37A4-47EA-B15F-3BDA3DCE2EFA}.Debug|x64.ActiveCfg = Debug|x64
		{11DF3DE3-37A4-47EA-B15F-3BDA3DCE2EFA}.Debug|x64.Build.0 = Debug|x64
		{11DF3DE3-37A4-47EA-B15F-3BDA3DCE2EFA}.Debug|x86.ActiveCfg = Debug|Win32
		{11DF3DE3-37A4-47EA-B15F-3BDA3DCE2EFA}.Debug|x86.Build.0 = Debug|Win32
		{11DF3DE3-37A4-47EA-B15F-3BDA3DCE2EFA}.Release|x64.ActiveCfg = Release|x64
		{11DF3DE3-37A4-47EA-B15F-3BDA3DCE2EFA}.Release|x64.Build.0 = Release|x64
		{11DF3DE3-37A4-47EA-B15F-3BDA3DCE2EFA}.Release|x86.ActiveCfg = Release|Win32
		{11DF3DE3-37A4-47EA-B15F-3BDA3DCE2EFA}.Release|x86.Build.0 = Release|Win32
		{589E7047-0091-43A3-97F6-F4DABA460713}.Debug|x64.ActiveCfg = Debug|x64
		{589E7047-0091-43A3-97F6-F4DABA460713}.Debug|x64.Build.0 = Debug|x64
		{589E7047-0091-43A3-97F6-F4DABA460713}.Debug|x86.ActiveCfg = Debug|Win32
		{589E7047-0091-43A3-97F6-F4DABA460713}.Debug|x86.Build.0 = Debug|Win32
		{589E7047-0091-43A3-97F6-F4DABA460713}.Release|x64.ActiveCfg = Release|x64
		{589E7047-0091-43A3-97F6-F4DABA460713}.Release|x64.Build.0 = Release|x64
		{589E7047-0091-43A3-97F6-F4DABA460713}.Release|x86.ActiveCfg = Release|Win32
		{589E7047-0091-43A3-97F6-F4DABA460713}.Release|x86.Build.0 = Release|Win32
		{17E2D0CF-C628-4B2B-B25E-5F8BC1448D27}.Debug|x64.ActiveCfg = Debug|x64
		{17E2D0CF-C628-4B2B-B25E-5F8BC1448D27}.Debug|x64.Build.0 = Debug|x64
		{17E2D0CF-C628-4B2B-B25E-5F8BC1448D27}.Debug|x86.ActiveCfg = Debug|Win32
		{17E2D0CF-C628-4B2B-B25E-5F8BC1448D27}.Debug|x86.Build.0 = Debug|Win32
		{17E2D0CF-C628-4B2B-B25E-5F8BC1448D27}.Release|x64.ActiveCfg = Release|x64
		{17E2D0CF-C628-4B2B-B25E-5F8BC1448D27}.Release|x64.Build.0 = Release|x64
		{17E2D0CF-C628-4B2B-B25E-5F8BC1448D27}.Release|x86.ActiveCfg = Release|Win32
		{17E2D0CF-C628-4B2B-B25E-5F8BC1448D27}.Release|x86.Build.0 = Release|Win32
		{BA031F66-2946-4A4C-B771-BCE932CD6780}.Debug|x64.ActiveCfg = Debug|x64
		{BA031F66-2946-4A4C-B771-BCE932CD6780}.Debug|x64.Build.0 = Debug|x64
		{BA031F66-2946-4A4C-B771-BCE932CD6780}.Debug|x86.ActiveCfg = Debug|Win32
		{BA031F66-2946-4A4C-B771-BCE932CD6780}.Debug|x86.Build.0 = Debug|Win32
		{BA031F66-2946-4A4C-B771-BCE932CD6780}.Release|x64.ActiveCfg = Release|x64
		{BA031F66-2946-4A4C-B771-BCE932CD6780}.Release|x64.Build.0 = Release|x64
		{BA031F66-2946-4A4C-B771-BCE932CD6780}.Release|x86.ActiveCfg = Release|Win32
		{BA031F66-2946-4A4C-B771-BCE932CD6780}.Release|x86.Build.0 = Release|Win32
		{A75B8A4D-A0A6-462B-92C7-E154C3A78998}.Debug|x64.ActiveCfg = Debug|x64
		{A75B8A4D-A0A6-462B-92C7-E154C3A78998}.Debug|x64.Build.0 = Debug|x64
		{A75B8A4D-A0A6-462B-92C7-E154C3A78998}.Debug|x86.ActiveCfg = Debug|Win32
		{A75B8A4D-A0A6-462B-92C7-E154C3A78998}.Debug|x86.Build.0 = Debug|Win32
		{A75B8A4D-A0A6-462B-92C7-E154C3A78998}.Release|x64.ActiveCfg = Release|x64
		{A75B8A4D-A0A6-462B-92C7-E154C3A78998}.Release|x64.Build.0 = Release|x64
		{A75B8A4D-A0A6-462B-92C7-E154C3A78998}.Release|x86.ActiveCfg = Release|Win32
		{A75B8A4D-A0A6-462B-92C7-E154C3A78998}.Release|x86.Build.0 = Release|Win32
		{5078FE08-F602-43DD-90C6-553C7D791D66}.Debug|x64.ActiveCfg = Debug|x64
		{5078FE08-F602-43DD-90C6-553C7D791D66}.Debug|x64.Build.0 = Debug|x64
		{5078FE08-F602-43DD-90C6-553C7D791D66}.Debug|x86.ActiveCfg = Debug|Win32
		{5078FE08-F602-43DD-90C6-553C7D791D66}.Debug|x86.Build.0 = Debug|Win32
		{5078FE08-F602-43DD-90C6-553C7D791D66}.Release|x64.ActiveCfg = Release|x64
		{5078FE08-F602-43DD-90C6-553C7D791D66}.Release|x64.Build.0 = Release|x64
		{5078FE08-F602-43DD-90C6-553C7D791D66}.Release|x86.ActiveCfg = Release|Win32
		{5078FE08-F602-43DD-90C6-553C7D791D66}.Release|x86.Build.0 = Release|Win32
		{9D99B47D-F350-4245-9D56-A28D76C73074}.Debug|x64.ActiveCfg = Debug|x64
		{9D99B47D-F350-4245-9D56-A28D76C73074}.Debug|x64.Build.0 = Debug|x64
		{9D99B47D-F350-4245-9D56-A28D76C73074}.Debug|x86.ActiveCfg = Debug|Win32
		{9D99B47D-F350-4245-9D56-A28D76C73074}.Debug|x86.Build.0 = Debug|Win32
		{9D99B47D-F350-4245-9D56-A28D76C73074}.Release|x64.ActiveCfg = Release|x64
		{9D99B47D-F350-4245-9D56-A28D76C73074}.Release|x64.Build.0 = Release|x64
		{9D99B47D-F350-4245-9D56-A28D76C73074}.Release|x86.ActiveCfg = Release|Win32
		{9D99B47D-F350-4245-9D56-A28D76C73074}.Release|x86.Build.0 = Release|Win32
		{26C0FBDE-1371-4919-819C-075E55CA16DF}.Debug|x64.ActiveCfg = Debug|x64
		{26C0FBDE-1371-4919-819C-075E55CA16DF}.Debug|x64.Build.0 = Debug|x64
		{26C0FBDE-1371-4919-819C-075E55CA16DF}.Debug|x86.ActiveCfg = Debug|Win32
		{26C0FBDE-1371-4919-819C-075E55CA16DF}.Debug|x86.Build.0 = Debug|Win32
		{26C0FBDE-1371-4919-819C-075E55CA16DF}.Release|x64.ActiveCfg = Release|x64
		{26C0FBDE-1371-4919-819C-075E55CA16DF}.Release|x64.Build.0 = Release|x64
		{26C0FBDE-1371-4919-819C-075E55CA16DF}.Release|x86.ActiveCfg = Release|Win32
		{26C0FBDE-1371-4919-819C-075E55CA16DF}.Release|x86.Build.0 = Release|Win32
		{5FB7B523-C50D-40B3-AE92-E25715A8D431}.Debug|x64.ActiveCfg = Debug|x64
		{5FB7B523-C50D-40B3-AE92-E25715A8D431}.Debug|x64.Build.0 = Debug|x64
		{5FB7B523-C50D-40B3-AE92-E25715A8D431}.Debug|x86.ActiveCfg = Debug|Win32
		{5FB7B523-C50D-40B3-AE92-E25715A8D431}.Debug|x86.Build.0 = Debug|Win32
		{5FB7B523-C50D-40B3-AE92-E25715A8D431}.Release|x64.ActiveCfg = Release|x64
		{5FB7B523-C50D-40B3-AE92-E25715A8D431}.Release|x64.Build.0 = Release|x64
		{5FB7B523-C50D-40B3-AE92-E25715A8D431}.Release|x86.ActiveCfg = Release|Win32
		{5FB7B523-C50D-40B3-AE92-E25715A8D431}.Release|x86.Build.0 = Release|Win32
		{9B28BB95-F0B9-445B-9BBC-0EE1F3F302EB}.Debug|x64.ActiveCfg = Debug|x64
		{9B28BB95-F0B9-445B-9BBC-0EE1F3F302EB}.Debug|x64.Build.0 = Debug|x64
		{9B28BB95-F0B9-445B-9BBC-0EE1F3F302EB}.Debug|x86.ActiveCfg = Debug|Win32
		{9B28BB95-F0B9-445B-9BBC-0EE1F3F302EB}.Debug|x86.Build.0 = Debug|Win32
		{9B28BB95-F0B9-445B-9BBC-0EE1F3F302EB}.Release|x64.ActiveCfg = Release|x64
		{9B28BB95-F0B9-445B-9BBC-0EE1F3F302EB}.Release|x64.Build.0 = Release|x64
		{9B28BB95-F0B9-445B-9BBC-0EE1F3F302EB}.Release|x86.ActiveCfg = Release|Win32
		{9B28BB95-F0B9-445B-9BBC-0EE1F3F302EB}.Release|x86.Build.0 = Release|Win32
		{C32B114A-F488-460D-9675-16ABF781A9A1}.Debug|x64.ActiveCfg = Debug|x64
		{C32B114A-F488-460D-9675-16ABF781A9A1}.Debug|x64.Build.0 = Debug|x64
		{C32B114A-F488-460D-9675-16ABF781A9A1}.Debug|x86.ActiveCfg = Debug|Win32
		{C32B114A-F488-460D-9675-16ABF781A9A1}.Debug|x86.Build.0 = Debug|Win32
		{C32B114A-F488-460D-9675-16ABF781A9A1}.Release|x64.ActiveCfg = Release|x64
		{C32B114A-F488-460D-9675-16ABF781A9A1}.Release|x64.Build.0 = Release|x64
		{C32B114A-F488-460D-9675-16ABF781A9A1}.Release|x86.ActiveCfg = Release|Win32
		{C32B114A-F488-460D-9675-16ABF781A9A1}.Release|x86.Build.0 = Release|Win32
		{4D4D648E-9A12-4D52-BEFB-EF37351C7EE0}.Debug|x64.ActiveCfg = Debug|x64
		{4D4D648E-9A12-4D52-BEFB-EF37351C7EE0}.Debug|x64.Build.0 = Debug|x64
		{4D4D648E-9A12-4D52-BEFB-EF37351C7EE0}.Debug|x86.ActiveCfg = Debug|Win32
		{4D4D648E-9A12-4D52-BEFB-EF37351C7EE0}.Debug|x86.Build.0 = Debug|Win32
		{4D4D648E-9A12-4D52-BEFB-EF37351C7EE0}.Release|x64.ActiveCfg = Release|x64
		{4D4D648E-9A12-4D52-BEFB-EF37351C7EE0}.Release|x64.Build.0 = Release|x64
		{4D4D648E-9A12-4D52-BEFB-EF37351C7EE0}.Release|x86.ActiveCfg = Release|Win32
		{4D4D648E-9A12-4D52-BEFB-EF37351C7EE0}.Release|x86.Build.0 = Release|Win32
		{78163897-A3C3-4A0E-B5D7-A3A7AE3B3B4F}.Debug|x64.ActiveCfg = Debug|x64
		{78163897-A3C3-4A0E-B5D7-A3A7AE3B3B4F}.Debug|x64.Build.0 = Debug|x64
		{78163897-A3C3-4A0E-B5D7-A3A7AE3B3B4F}.Debug|x86.ActiveCfg = Debug|Win32
		{78163897-A3C3-4A0E-B5D7-A3A7AE3B3B4F}.Debug|x86.Build.0 = Debug|Win32
		{78163897-A3C3-4A0E-B5D7-A3A7AE3B3B4F}.Release|x64.ActiveCfg = Release|x64
		{78163897-A3C3-4A0E-B5D7-A3A7AE3B3B4F}.Release|x64.Build.0 = Release|x64
		{78163897-A3C3-4A0E-B5D7-A3A7AE3B3B4F}.Release|x86.ActiveCfg = Release|Win32
		{78163897-A3C3-4A0E-B5D7-A3A7AE3B3B4F}.Release|x86.Build.0 = Release|Win32
		{0EBAA1D2-2201-4B78-96E5-F52C5708EC5A}.Debug|x64.ActiveCfg = Debug|x64
		{0EBAA1D2-2201-4B78-96E5-F52C5708EC5A}.Debug|x64.Build.0 = Debug|x64
		{0EBAA1D2-2201-4B78-96E5-F52C5708EC5A}.Debug|x86.ActiveCfg = Debug|Win32
		{0EBAA1D2-2201-4B78-96E5-F52C5708EC5A}.Debug|x86.Build.0 = Debug|Win32
		{0EBAA1D2-2201-4B78-96E5-F52C5708EC5A}.Release|x64.ActiveCfg = Release|x64
		{0EBAA1D2-2201-4B78-96E5-F52C5708EC5A}.Release|x64.Build.0 = Release|x64
		{0EBAA1D2-2201-4B78-96E5-F52C5708EC5A}.Release|x86.ActiveCfg = Release|Win32
		{0EBAA1D2-2201-4B78-96E5-F52C5708EC5A}.Release|x86.Build.0 = Release|Win32
		{70A64CF3-44D0-49B8-B63D-AF360F8AA341}.Debug|x64.ActiveCfg = Debug|x64
		{70A64CF3-44D0-49B8-B63D-AF360F8AA341}.Debug|x64.Build.0 = Debug|x64
		{70A64CF3-44D0-49B8-B63D-AF360F8AA341}.Debug|x86.ActiveCfg = Debug|Win32
		{70A64CF3-44D0-49B8-B63D-AF360F8AA341}.Debug|x86.Build.0 = Debug|Win32
		{70A64CF3-44D0-49B8-B63D-AF360F8AA341}.Release|x64.ActiveCfg = Release|x64
		{70A64CF3-44D0-49B8-B63D-AF360F8AA341}.Release|x64.Build.0 = Release|x64
		{70A64CF3-44D0-49B8-B63D-AF360F8AA341}.Release|x86.ActiveCfg = Release|Win32
		{70A64CF3-44D0-49B8-B63D-AF360F8AA341}.Release|x86.Build.0 = Release|Win32
		{16F6106C-D138-4B5E-A8BB-084C0B4CFD29}.Debug|x64.ActiveCfg = Debug|x64
		{16F6106C-D138-4B5E-A8BB-084C0B4CFD29}.Debug|x64.Build.0 = Debug|x64
		{16F6106C-D138-4B5E-A8BB-084C0B4CFD29}.Debug|x86.ActiveCfg = Debug|Win32
		{16F6106C-D138-4B5E-A8BB-084C0B4CFD29}.Debug|x86.Build.0 = Debug|Win32
		{16F6106C-D138-4B5E-A8BB-084C0B4CFD29}.Release|x64.ActiveCfg = Release|x64
		{16F6106C-D138-4B5E-A8BB-084C0B4CFD29}.Release|x64.Build.0 = Release|x64
		{16F6106C-D138-4B5E-A8BB-084C0B4CFD29}.Release|x86.ActiveCfg = Release|Win32
		{16F6106C-D138-4B5E-A8BB-084C0B4CFD29}.Release|x86.Build.0 = Release|Win32
		{BF2A7FB4-5708-4BBC-BE2C-C12ABA1927B7}.Debug|x64.ActiveCfg = Debug|x64
		{BF2A7FB4-5708-4BBC-BE2C-C12ABA1927B7}.Debug|x64.Build.0 = Debug|x64
		{BF2A7FB4-5708-4BBC-BE2C-C12ABA1927B7}.Debug|x86.ActiveCfg = Debug|Win32
		{BF2A7FB4-5708-4BBC-BE2C-C12ABA1927B7}.Debug|x86.Build.0 = Debug|Win32
		{BF2A7FB4-5708-4BBC-BE2C-C12ABA1927B7}.Release|x64.ActiveCfg = Release|x64
		{BF2A7FB4-5708-4BBC-BE2C-C12ABA1927B7}.Release|x64.Build.0 = Release|x64
		{BF2A7FB4-5708-4BBC-BE2C-C12ABA1927B7}.Release|x86.ActiveCfg = Release|Win32
		{BF2A7FB4-5708-4BBC-BE2C-C12ABA1927B7}.Release|x86.Build.0 = Release|Win32
	EndGlobalSection
	GlobalSection(SolutionProperties) = preSolution
		HideSolutionNode = FALSE
	EndGlobalSection
	GlobalSection(ExtensibilityGlobals) = postSolution
		SolutionGuid = {FE11B3F4-B9A6-4A00-806C-772542008F8D}
	EndGlobalSection
EndGlobal
